{
  "name": "tstl-program",
  "version": "1.0.0",
  "lockfileVersion": 2,
  "requires": true,
  "packages": {
    "": {
      "name": "tstl-program",
      "version": "1.0.0",
      "license": "ISC",
      "dependencies": {
        "tstl-module": "file:../tstl-module"
      }
    },
    "../tstl-module": {
      "version": "1.0.0",
      "license": "ISC"
    },
    "node_modules/tstl-module": {
      "resolved": "../tstl-module",
      "link": true
    }
  },
  "dependencies": {
    "tstl-module": {
      "version": "file:../tstl-module"
    }
  }
}
